// !$*UTF8*$!
{
	archiveVersion = 1;
	classes = {
	};
	objectVersion = 56;
	objects = {

/* Begin PBXBuildFile section */
		0FA304762C37DC0000C6CC2A /* NewCharacterView.swift in Sources */ = {isa = PBXBuildFile; fileRef = 0FA304752C37DC0000C6CC2A /* NewCharacterView.swift */; };
		0FA304792C37DC8D00C6CC2A /* ListView.swift in Sources */ = {isa = PBXBuildFile; fileRef = 0FA304782C37DC8D00C6CC2A /* ListView.swift */; };
		0FA3047B2C37DCA400C6CC2A /* CharacterListViewModel.swift in Sources */ = {isa = PBXBuildFile; fileRef = 0FA3047A2C37DCA400C6CC2A /* CharacterListViewModel.swift */; };
		0FA3047E2C37DCC100C6CC2A /* ImageCharacter.swift in Sources */ = {isa = PBXBuildFile; fileRef = 0FA3047D2C37DCC100C6CC2A /* ImageCharacter.swift */; };
		0FA304802C37DCCE00C6CC2A /* CardCharacter.swift in Sources */ = {isa = PBXBuildFile; fileRef = 0FA3047F2C37DCCE00C6CC2A /* CardCharacter.swift */; };
		0FA304832C380BF300C6CC2A /* RPGTextField.swift in Sources */ = {isa = PBXBuildFile; fileRef = 0FA304822C380BF300C6CC2A /* RPGTextField.swift */; };
		0FD0E8DD2C2B37C7008F566D /* RPGCharacterApp.swift in Sources */ = {isa = PBXBuildFile; fileRef = 0FD0E8DC2C2B37C7008F566D /* RPGCharacterApp.swift */; };
		0FD0E8DF2C2B37C7008F566D /* OnboardingView.swift in Sources */ = {isa = PBXBuildFile; fileRef = 0FD0E8DE2C2B37C7008F566D /* OnboardingView.swift */; };
		0FD0E8E12C2B37C9008F566D /* Assets.xcassets in Resources */ = {isa = PBXBuildFile; fileRef = 0FD0E8E02C2B37C9008F566D /* Assets.xcassets */; };
		0FD0E8E52C2B37C9008F566D /* Preview Assets.xcassets in Resources */ = {isa = PBXBuildFile; fileRef = 0FD0E8E42C2B37C9008F566D /* Preview Assets.xcassets */; };
		361ABFFC2C3D5D6800D4DFE1 /* CharacterView.swift in Sources */ = {isa = PBXBuildFile; fileRef = 361ABFFB2C3D5D6800D4DFE1 /* CharacterView.swift */; };
		366E67432C401B8D007B6D27 /* RPGImageStyle.swift in Sources */ = {isa = PBXBuildFile; fileRef = 366E67412C401B8D007B6D27 /* RPGImageStyle.swift */; };
		366E67442C401B8D007B6D27 /* OnMoveConditional.swift in Sources */ = {isa = PBXBuildFile; fileRef = 366E67422C401B8D007B6D27 /* OnMoveConditional.swift */; };
		366E67462C401B96007B6D27 /* ImageBackgroundView.swift in Sources */ = {isa = PBXBuildFile; fileRef = 366E67452C401B96007B6D27 /* ImageBackgroundView.swift */; };
		36E1E01A2C3F1B890005F04A /* EditCharacterView.swift in Sources */ = {isa = PBXBuildFile; fileRef = 36E1E0192C3F1B890005F04A /* EditCharacterView.swift */; };
		DD3CF57B2C35F75B0059F8CB /* CharacterModel.swift in Sources */ = {isa = PBXBuildFile; fileRef = DD3CF57A2C35F75B0059F8CB /* CharacterModel.swift */; };
		DDCFD0162C3C671F008FEA36 /* RPGPicker.swift in Sources */ = {isa = PBXBuildFile; fileRef = DDCFD0152C3C671F008FEA36 /* RPGPicker.swift */; };
/* End PBXBuildFile section */

/* Begin PBXFileReference section */
		0FA304752C37DC0000C6CC2A /* NewCharacterView.swift */ = {isa = PBXFileReference; lastKnownFileType = sourcecode.swift; path = NewCharacterView.swift; sourceTree = "<group>"; };
		0FA304782C37DC8D00C6CC2A /* ListView.swift */ = {isa = PBXFileReference; lastKnownFileType = sourcecode.swift; path = ListView.swift; sourceTree = "<group>"; };
		0FA3047A2C37DCA400C6CC2A /* CharacterListViewModel.swift */ = {isa = PBXFileReference; lastKnownFileType = sourcecode.swift; path = CharacterListViewModel.swift; sourceTree = "<group>"; };
		0FA3047D2C37DCC100C6CC2A /* ImageCharacter.swift */ = {isa = PBXFileReference; lastKnownFileType = sourcecode.swift; path = ImageCharacter.swift; sourceTree = "<group>"; };
		0FA3047F2C37DCCE00C6CC2A /* CardCharacter.swift */ = {isa = PBXFileReference; lastKnownFileType = sourcecode.swift; path = CardCharacter.swift; sourceTree = "<group>"; };
		0FA304822C380BF300C6CC2A /* RPGTextField.swift */ = {isa = PBXFileReference; lastKnownFileType = sourcecode.swift; path = RPGTextField.swift; sourceTree = "<group>"; };
		0FD0E8D92C2B37C7008F566D /* RPGCharacter.app */ = {isa = PBXFileReference; explicitFileType = wrapper.application; includeInIndex = 0; path = RPGCharacter.app; sourceTree = BUILT_PRODUCTS_DIR; };
		0FD0E8DC2C2B37C7008F566D /* RPGCharacterApp.swift */ = {isa = PBXFileReference; lastKnownFileType = sourcecode.swift; path = RPGCharacterApp.swift; sourceTree = "<group>"; };
		0FD0E8DE2C2B37C7008F566D /* OnboardingView.swift */ = {isa = PBXFileReference; lastKnownFileType = sourcecode.swift; path = OnboardingView.swift; sourceTree = "<group>"; };
		0FD0E8E02C2B37C9008F566D /* Assets.xcassets */ = {isa = PBXFileReference; lastKnownFileType = folder.assetcatalog; path = Assets.xcassets; sourceTree = "<group>"; };
		0FD0E8E22C2B37C9008F566D /* RPGCharacter.entitlements */ = {isa = PBXFileReference; lastKnownFileType = text.plist.entitlements; path = RPGCharacter.entitlements; sourceTree = "<group>"; };
		0FD0E8E42C2B37C9008F566D /* Preview Assets.xcassets */ = {isa = PBXFileReference; lastKnownFileType = folder.assetcatalog; path = "Preview Assets.xcassets"; sourceTree = "<group>"; };
		361ABFFB2C3D5D6800D4DFE1 /* CharacterView.swift */ = {isa = PBXFileReference; lastKnownFileType = sourcecode.swift; path = CharacterView.swift; sourceTree = "<group>"; };
		366E67412C401B8D007B6D27 /* RPGImageStyle.swift */ = {isa = PBXFileReference; fileEncoding = 4; lastKnownFileType = sourcecode.swift; name = RPGImageStyle.swift; path = "../../../../../Projects/Projeto Marretado/SwiftUI/RPGCharacter/RPGCharacter/List/Modifies/RPGImageStyle.swift"; sourceTree = "<group>"; };
		366E67422C401B8D007B6D27 /* OnMoveConditional.swift */ = {isa = PBXFileReference; fileEncoding = 4; lastKnownFileType = sourcecode.swift; name = OnMoveConditional.swift; path = "../../../../../Projects/Projeto Marretado/SwiftUI/RPGCharacter/RPGCharacter/List/Modifies/OnMoveConditional.swift"; sourceTree = "<group>"; };
		366E67452C401B96007B6D27 /* ImageBackgroundView.swift */ = {isa = PBXFileReference; fileEncoding = 4; lastKnownFileType = sourcecode.swift; name = ImageBackgroundView.swift; path = "../../../../../Projects/Projeto Marretado/SwiftUI/RPGCharacter/RPGCharacter/List/Components/ImageBackgroundView.swift"; sourceTree = "<group>"; };
		36E1E0192C3F1B890005F04A /* EditCharacterView.swift */ = {isa = PBXFileReference; lastKnownFileType = sourcecode.swift; path = EditCharacterView.swift; sourceTree = "<group>"; };
		DD3CF57A2C35F75B0059F8CB /* CharacterModel.swift */ = {isa = PBXFileReference; lastKnownFileType = sourcecode.swift; path = CharacterModel.swift; sourceTree = "<group>"; };
		DDCFD0152C3C671F008FEA36 /* RPGPicker.swift */ = {isa = PBXFileReference; lastKnownFileType = sourcecode.swift; path = RPGPicker.swift; sourceTree = "<group>"; };
/* End PBXFileReference section */

/* Begin PBXFrameworksBuildPhase section */
		0FD0E8D62C2B37C7008F566D /* Frameworks */ = {
			isa = PBXFrameworksBuildPhase;
			buildActionMask = 2147483647;
			files = (
			);
			runOnlyForDeploymentPostprocessing = 0;
		};
/* End PBXFrameworksBuildPhase section */

/* Begin PBXGroup section */
		0FA304772C37DC7900C6CC2A /* List */ = {
			isa = PBXGroup;
			children = (
				366E67402C401B54007B6D27 /* Modifies */,
				0FA3047C2C37DCAB00C6CC2A /* Components */,
				0FA304782C37DC8D00C6CC2A /* ListView.swift */,
				0FA3047A2C37DCA400C6CC2A /* CharacterListViewModel.swift */,
			);
			path = List;
			sourceTree = "<group>";
		};
		0FA3047C2C37DCAB00C6CC2A /* Components */ = {
			isa = PBXGroup;
			children = (
				366E67452C401B96007B6D27 /* ImageBackgroundView.swift */,
				0FA3047F2C37DCCE00C6CC2A /* CardCharacter.swift */,
				0FA3047D2C37DCC100C6CC2A /* ImageCharacter.swift */,
				0FA304822C380BF300C6CC2A /* RPGTextField.swift */,
				DDCFD0152C3C671F008FEA36 /* RPGPicker.swift */,
			);
			path = Components;
			sourceTree = "<group>";
		};
		0FD0E8D02C2B37C7008F566D = {
			isa = PBXGroup;
			children = (
				0FD0E8DB2C2B37C7008F566D /* RPGCharacter */,
				0FD0E8DA2C2B37C7008F566D /* Products */,
			);
			sourceTree = "<group>";
		};
		0FD0E8DA2C2B37C7008F566D /* Products */ = {
			isa = PBXGroup;
			children = (
				0FD0E8D92C2B37C7008F566D /* RPGCharacter.app */,
			);
			name = Products;
			sourceTree = "<group>";
		};
		0FD0E8DB2C2B37C7008F566D /* RPGCharacter */ = {
			isa = PBXGroup;
			children = (
				0FA304772C37DC7900C6CC2A /* List */,
				0FD0E8DC2C2B37C7008F566D /* RPGCharacterApp.swift */,
				0FD0E8DE2C2B37C7008F566D /* OnboardingView.swift */,
				DD3CF57A2C35F75B0059F8CB /* CharacterModel.swift */,
				0FD0E8E02C2B37C9008F566D /* Assets.xcassets */,
				0FD0E8E22C2B37C9008F566D /* RPGCharacter.entitlements */,
				0FD0E8E32C2B37C9008F566D /* Preview Content */,
				0FA304752C37DC0000C6CC2A /* NewCharacterView.swift */,
				361ABFFB2C3D5D6800D4DFE1 /* CharacterView.swift */,
				36E1E0192C3F1B890005F04A /* EditCharacterView.swift */,
			);
			path = RPGCharacter;
			sourceTree = "<group>";
		};
		0FD0E8E32C2B37C9008F566D /* Preview Content */ = {
			isa = PBXGroup;
			children = (
				0FD0E8E42C2B37C9008F566D /* Preview Assets.xcassets */,
			);
			path = "Preview Content";
			sourceTree = "<group>";
		};
		366E67402C401B54007B6D27 /* Modifies */ = {
			isa = PBXGroup;
			children = (
				366E67422C401B8D007B6D27 /* OnMoveConditional.swift */,
				366E67412C401B8D007B6D27 /* RPGImageStyle.swift */,
			);
			path = Modifies;
			sourceTree = "<group>";
		};
/* End PBXGroup section */

/* Begin PBXNativeTarget section */
		0FD0E8D82C2B37C7008F566D /* RPGCharacter */ = {
			isa = PBXNativeTarget;
			buildConfigurationList = 0FD0E8E82C2B37C9008F566D /* Build configuration list for PBXNativeTarget "RPGCharacter" */;
			buildPhases = (
				0FD0E8D52C2B37C7008F566D /* Sources */,
				0FD0E8D62C2B37C7008F566D /* Frameworks */,
				0FD0E8D72C2B37C7008F566D /* Resources */,
			);
			buildRules = (
			);
			dependencies = (
			);
			name = RPGCharacter;
			productName = RPGCharacter;
			productReference = 0FD0E8D92C2B37C7008F566D /* RPGCharacter.app */;
			productType = "com.apple.product-type.application";
		};
/* End PBXNativeTarget section */

/* Begin PBXProject section */
		0FD0E8D12C2B37C7008F566D /* Project object */ = {
			isa = PBXProject;
			attributes = {
				BuildIndependentTargetsInParallel = 1;
				LastSwiftUpdateCheck = 1540;
				LastUpgradeCheck = 1540;
				TargetAttributes = {
					0FD0E8D82C2B37C7008F566D = {
						CreatedOnToolsVersion = 15.4;
					};
				};
			};
			buildConfigurationList = 0FD0E8D42C2B37C7008F566D /* Build configuration list for PBXProject "RPGCharacter" */;
			compatibilityVersion = "Xcode 14.0";
			developmentRegion = en;
			hasScannedForEncodings = 0;
			knownRegions = (
				en,
				Base,
			);
			mainGroup = 0FD0E8D02C2B37C7008F566D;
			productRefGroup = 0FD0E8DA2C2B37C7008F566D /* Products */;
			projectDirPath = "";
			projectRoot = "";
			targets = (
				0FD0E8D82C2B37C7008F566D /* RPGCharacter */,
			);
		};
/* End PBXProject section */

/* Begin PBXResourcesBuildPhase section */
		0FD0E8D72C2B37C7008F566D /* Resources */ = {
			isa = PBXResourcesBuildPhase;
			buildActionMask = 2147483647;
			files = (
				0FD0E8E52C2B37C9008F566D /* Preview Assets.xcassets in Resources */,
				0FD0E8E12C2B37C9008F566D /* Assets.xcassets in Resources */,
			);
			runOnlyForDeploymentPostprocessing = 0;
		};
/* End PBXResourcesBuildPhase section */

/* Begin PBXSourcesBuildPhase section */
		0FD0E8D52C2B37C7008F566D /* Sources */ = {
			isa = PBXSourcesBuildPhase;
			buildActionMask = 2147483647;
			files = (
				0FA304832C380BF300C6CC2A /* RPGTextField.swift in Sources */,
				366E67432C401B8D007B6D27 /* RPGImageStyle.swift in Sources */,
				DD3CF57B2C35F75B0059F8CB /* CharacterModel.swift in Sources */,
				0FD0E8DF2C2B37C7008F566D /* OnboardingView.swift in Sources */,
				0FA304792C37DC8D00C6CC2A /* ListView.swift in Sources */,
				36E1E01A2C3F1B890005F04A /* EditCharacterView.swift in Sources */,
				366E67462C401B96007B6D27 /* ImageBackgroundView.swift in Sources */,
				366E67442C401B8D007B6D27 /* OnMoveConditional.swift in Sources */,
				361ABFFC2C3D5D6800D4DFE1 /* CharacterView.swift in Sources */,
				0FD0E8DD2C2B37C7008F566D /* RPGCharacterApp.swift in Sources */,
				0FA3047B2C37DCA400C6CC2A /* CharacterListViewModel.swift in Sources */,
				0FA304802C37DCCE00C6CC2A /* CardCharacter.swift in Sources */,
				0FA3047E2C37DCC100C6CC2A /* ImageCharacter.swift in Sources */,
				0FA304762C37DC0000C6CC2A /* NewCharacterView.swift in Sources */,
				DDCFD0162C3C671F008FEA36 /* RPGPicker.swift in Sources */,
			);
			runOnlyForDeploymentPostprocessing = 0;
		};
/* End PBXSourcesBuildPhase section */

/* Begin XCBuildConfiguration section */
		0FD0E8E62C2B37C9008F566D /* Debug */ = {
			isa = XCBuildConfiguration;
			buildSettings = {
				ALWAYS_SEARCH_USER_PATHS = NO;
				ASSETCATALOG_COMPILER_GENERATE_SWIFT_ASSET_SYMBOL_EXTENSIONS = YES;
				CLANG_ANALYZER_NONNULL = YES;
				CLANG_ANALYZER_NUMBER_OBJECT_CONVERSION = YES_AGGRESSIVE;
				CLANG_CXX_LANGUAGE_STANDARD = "gnu++20";
				CLANG_ENABLE_MODULES = YES;
				CLANG_ENABLE_OBJC_ARC = YES;
				CLANG_ENABLE_OBJC_WEAK = YES;
				CLANG_WARN_BLOCK_CAPTURE_AUTORELEASING = YES;
				CLANG_WARN_BOOL_CONVERSION = YES;
				CLANG_WARN_COMMA = YES;
				CLANG_WARN_CONSTANT_CONVERSION = YES;
				CLANG_WARN_DEPRECATED_OBJC_IMPLEMENTATIONS = YES;
				CLANG_WARN_DIRECT_OBJC_ISA_USAGE = YES_ERROR;
				CLANG_WARN_DOCUMENTATION_COMMENTS = YES;
				CLANG_WARN_EMPTY_BODY = YES;
				CLANG_WARN_ENUM_CONVERSION = YES;
				CLANG_WARN_INFINITE_RECURSION = YES;
				CLANG_WARN_INT_CONVERSION = YES;
				CLANG_WARN_NON_LITERAL_NULL_CONVERSION = YES;
				CLANG_WARN_OBJC_IMPLICIT_RETAIN_SELF = YES;
				CLANG_WARN_OBJC_LITERAL_CONVERSION = YES;
				CLANG_WARN_OBJC_ROOT_CLASS = YES_ERROR;
				CLANG_WARN_QUOTED_INCLUDE_IN_FRAMEWORK_HEADER = YES;
				CLANG_WARN_RANGE_LOOP_ANALYSIS = YES;
				CLANG_WARN_STRICT_PROTOTYPES = YES;
				CLANG_WARN_SUSPICIOUS_MOVE = YES;
				CLANG_WARN_UNGUARDED_AVAILABILITY = YES_AGGRESSIVE;
				CLANG_WARN_UNREACHABLE_CODE = YES;
				CLANG_WARN__DUPLICATE_METHOD_MATCH = YES;
				COPY_PHASE_STRIP = NO;
				DEBUG_INFORMATION_FORMAT = dwarf;
				ENABLE_STRICT_OBJC_MSGSEND = YES;
				ENABLE_TESTABILITY = YES;
				ENABLE_USER_SCRIPT_SANDBOXING = YES;
				GCC_C_LANGUAGE_STANDARD = gnu17;
				GCC_DYNAMIC_NO_PIC = NO;
				GCC_NO_COMMON_BLOCKS = YES;
				GCC_OPTIMIZATION_LEVEL = 0;
				GCC_PREPROCESSOR_DEFINITIONS = (
					"DEBUG=1",
					"$(inherited)",
				);
				GCC_WARN_64_TO_32_BIT_CONVERSION = YES;
				GCC_WARN_ABOUT_RETURN_TYPE = YES_ERROR;
				GCC_WARN_UNDECLARED_SELECTOR = YES;
				GCC_WARN_UNINITIALIZED_AUTOS = YES_AGGRESSIVE;
				GCC_WARN_UNUSED_FUNCTION = YES;
				GCC_WARN_UNUSED_VARIABLE = YES;
				LOCALIZATION_PREFERS_STRING_CATALOGS = YES;
				MTL_ENABLE_DEBUG_INFO = INCLUDE_SOURCE;
				MTL_FAST_MATH = YES;
				ONLY_ACTIVE_ARCH = YES;
				SWIFT_ACTIVE_COMPILATION_CONDITIONS = "DEBUG $(inherited)";
				SWIFT_OPTIMIZATION_LEVEL = "-Onone";
			};
			name = Debug;
		};
		0FD0E8E72C2B37C9008F566D /* Release */ = {
			isa = XCBuildConfiguration;
			buildSettings = {
				ALWAYS_SEARCH_USER_PATHS = NO;
				ASSETCATALOG_COMPILER_GENERATE_SWIFT_ASSET_SYMBOL_EXTENSIONS = YES;
				CLANG_ANALYZER_NONNULL = YES;
				CLANG_ANALYZER_NUMBER_OBJECT_CONVERSION = YES_AGGRESSIVE;
				CLANG_CXX_LANGUAGE_STANDARD = "gnu++20";
				CLANG_ENABLE_MODULES = YES;
				CLANG_ENABLE_OBJC_ARC = YES;
				CLANG_ENABLE_OBJC_WEAK = YES;
				CLANG_WARN_BLOCK_CAPTURE_AUTORELEASING = YES;
				CLANG_WARN_BOOL_CONVERSION = YES;
				CLANG_WARN_COMMA = YES;
				CLANG_WARN_CONSTANT_CONVERSION = YES;
				CLANG_WARN_DEPRECATED_OBJC_IMPLEMENTATIONS = YES;
				CLANG_WARN_DIRECT_OBJC_ISA_USAGE = YES_ERROR;
				CLANG_WARN_DOCUMENTATION_COMMENTS = YES;
				CLANG_WARN_EMPTY_BODY = YES;
				CLANG_WARN_ENUM_CONVERSION = YES;
				CLANG_WARN_INFINITE_RECURSION = YES;
				CLANG_WARN_INT_CONVERSION = YES;
				CLANG_WARN_NON_LITERAL_NULL_CONVERSION = YES;
				CLANG_WARN_OBJC_IMPLICIT_RETAIN_SELF = YES;
				CLANG_WARN_OBJC_LITERAL_CONVERSION = YES;
				CLANG_WARN_OBJC_ROOT_CLASS = YES_ERROR;
				CLANG_WARN_QUOTED_INCLUDE_IN_FRAMEWORK_HEADER = YES;
				CLANG_WARN_RANGE_LOOP_ANALYSIS = YES;
				CLANG_WARN_STRICT_PROTOTYPES = YES;
				CLANG_WARN_SUSPICIOUS_MOVE = YES;
				CLANG_WARN_UNGUARDED_AVAILABILITY = YES_AGGRESSIVE;
				CLANG_WARN_UNREACHABLE_CODE = YES;
				CLANG_WARN__DUPLICATE_METHOD_MATCH = YES;
				COPY_PHASE_STRIP = NO;
				DEBUG_INFORMATION_FORMAT = "dwarf-with-dsym";
				ENABLE_NS_ASSERTIONS = NO;
				ENABLE_STRICT_OBJC_MSGSEND = YES;
				ENABLE_USER_SCRIPT_SANDBOXING = YES;
				GCC_C_LANGUAGE_STANDARD = gnu17;
				GCC_NO_COMMON_BLOCKS = YES;
				GCC_WARN_64_TO_32_BIT_CONVERSION = YES;
				GCC_WARN_ABOUT_RETURN_TYPE = YES_ERROR;
				GCC_WARN_UNDECLARED_SELECTOR = YES;
				GCC_WARN_UNINITIALIZED_AUTOS = YES_AGGRESSIVE;
				GCC_WARN_UNUSED_FUNCTION = YES;
				GCC_WARN_UNUSED_VARIABLE = YES;
				LOCALIZATION_PREFERS_STRING_CATALOGS = YES;
				MTL_ENABLE_DEBUG_INFO = NO;
				MTL_FAST_MATH = YES;
				SWIFT_COMPILATION_MODE = wholemodule;
			};
			name = Release;
		};
		0FD0E8E92C2B37C9008F566D /* Debug */ = {
			isa = XCBuildConfiguration;
			buildSettings = {
				ASSETCATALOG_COMPILER_APPICON_NAME = AppIcon;
				ASSETCATALOG_COMPILER_GLOBAL_ACCENT_COLOR_NAME = AccentColor;
				CODE_SIGN_ENTITLEMENTS = RPGCharacter/RPGCharacter.entitlements;
				CODE_SIGN_STYLE = Automatic;
				CURRENT_PROJECT_VERSION = 1;
				DEVELOPMENT_ASSET_PATHS = "\"RPGCharacter/Preview Content\"";
				DEVELOPMENT_TEAM = 8D2H27TXKN;
				ENABLE_HARDENED_RUNTIME = YES;
				ENABLE_PREVIEWS = YES;
				GENERATE_INFOPLIST_FILE = YES;
				"INFOPLIST_KEY_UIApplicationSceneManifest_Generation[sdk=iphoneos*]" = YES;
				"INFOPLIST_KEY_UIApplicationSceneManifest_Generation[sdk=iphonesimulator*]" = YES;
				"INFOPLIST_KEY_UIApplicationSupportsIndirectInputEvents[sdk=iphoneos*]" = YES;
				"INFOPLIST_KEY_UIApplicationSupportsIndirectInputEvents[sdk=iphonesimulator*]" = YES;
				"INFOPLIST_KEY_UILaunchScreen_Generation[sdk=iphoneos*]" = YES;
				"INFOPLIST_KEY_UILaunchScreen_Generation[sdk=iphonesimulator*]" = YES;
				"INFOPLIST_KEY_UIStatusBarStyle[sdk=iphoneos*]" = UIStatusBarStyleDefault;
				"INFOPLIST_KEY_UIStatusBarStyle[sdk=iphonesimulator*]" = UIStatusBarStyleDefault;
				INFOPLIST_KEY_UISupportedInterfaceOrientations_iPad = "UIInterfaceOrientationPortrait UIInterfaceOrientationPortraitUpsideDown UIInterfaceOrientationLandscapeLeft UIInterfaceOrientationLandscapeRight";
				INFOPLIST_KEY_UISupportedInterfaceOrientations_iPhone = "UIInterfaceOrientationPortrait UIInterfaceOrientationLandscapeLeft UIInterfaceOrientationLandscapeRight";
				IPHONEOS_DEPLOYMENT_TARGET = 17.0;
				LD_RUNPATH_SEARCH_PATHS = "@executable_path/Frameworks";
				"LD_RUNPATH_SEARCH_PATHS[sdk=macosx*]" = "@executable_path/../Frameworks";
				MACOSX_DEPLOYMENT_TARGET = 14.1;
				MARKETING_VERSION = 1.0;
				PRODUCT_BUNDLE_IDENTIFIER = Magno.RPGCharacter;
				PRODUCT_NAME = "$(TARGET_NAME)";
				SDKROOT = auto;
				SUPPORTED_PLATFORMS = "iphoneos iphonesimulator macosx";
				SWIFT_EMIT_LOC_STRINGS = YES;
				SWIFT_VERSION = 5.0;
				TARGETED_DEVICE_FAMILY = "1,2";
			};
			name = Debug;
		};
		0FD0E8EA2C2B37C9008F566D /* Release */ = {
			isa = XCBuildConfiguration;
			buildSettings = {
				ASSETCATALOG_COMPILER_APPICON_NAME = AppIcon;
				ASSETCATALOG_COMPILER_GLOBAL_ACCENT_COLOR_NAME = AccentColor;
				CODE_SIGN_ENTITLEMENTS = RPGCharacter/RPGCharacter.entitlements;
				CODE_SIGN_STYLE = Automatic;
				CURRENT_PROJECT_VERSION = 1;
				DEVELOPMENT_ASSET_PATHS = "\"RPGCharacter/Preview Content\"";
				DEVELOPMENT_TEAM = 8D2H27TXKN;
				ENABLE_HARDENED_RUNTIME = YES;
				ENABLE_PREVIEWS = YES;
				GENERATE_INFOPLIST_FILE = YES;
				"INFOPLIST_KEY_UIApplicationSceneManifest_Generation[sdk=iphoneos*]" = YES;
				"INFOPLIST_KEY_UIApplicationSceneManifest_Generation[sdk=iphonesimulator*]" = YES;
				"INFOPLIST_KEY_UIApplicationSupportsIndirectInputEvents[sdk=iphoneos*]" = YES;
				"INFOPLIST_KEY_UIApplicationSupportsIndirectInputEvents[sdk=iphonesimulator*]" = YES;
				"INFOPLIST_KEY_UILaunchScreen_Generation[sdk=iphoneos*]" = YES;
				"INFOPLIST_KEY_UILaunchScreen_Generation[sdk=iphonesimulator*]" = YES;
				"INFOPLIST_KEY_UIStatusBarStyle[sdk=iphoneos*]" = UIStatusBarStyleDefault;
				"INFOPLIST_KEY_UIStatusBarStyle[sdk=iphonesimulator*]" = UIStatusBarStyleDefault;
				INFOPLIST_KEY_UISupportedInterfaceOrientations_iPad = "UIInterfaceOrientationPortrait UIInterfaceOrientationPortraitUpsideDown UIInterfaceOrientationLandscapeLeft UIInterfaceOrientationLandscapeRight";
				INFOPLIST_KEY_UISupportedInterfaceOrientations_iPhone = "UIInterfaceOrientationPortrait UIInterfaceOrientationLandscapeLeft UIInterfaceOrientationLandscapeRight";
				IPHONEOS_DEPLOYMENT_TARGET = 17.0;
				LD_RUNPATH_SEARCH_PATHS = "@executable_path/Frameworks";
				"LD_RUNPATH_SEARCH_PATHS[sdk=macosx*]" = "@executable_path/../Frameworks";
				MACOSX_DEPLOYMENT_TARGET = 14.1;
				MARKETING_VERSION = 1.0;
				PRODUCT_BUNDLE_IDENTIFIER = Magno.RPGCharacter;
				PRODUCT_NAME = "$(TARGET_NAME)";
				SDKROOT = auto;
				SUPPORTED_PLATFORMS = "iphoneos iphonesimulator macosx";
				SWIFT_EMIT_LOC_STRINGS = YES;
				SWIFT_VERSION = 5.0;
				TARGETED_DEVICE_FAMILY = "1,2";
			};
			name = Release;
		};
/* End XCBuildConfiguration section */

/* Begin XCConfigurationList section */
		0FD0E8D42C2B37C7008F566D /* Build configuration list for PBXProject "RPGCharacter" */ = {
			isa = XCConfigurationList;
			buildConfigurations = (
				0FD0E8E62C2B37C9008F566D /* Debug */,
				0FD0E8E72C2B37C9008F566D /* Release */,
			);
			defaultConfigurationIsVisible = 0;
			defaultConfigurationName = Release;
		};
		0FD0E8E82C2B37C9008F566D /* Build configuration list for PBXNativeTarget "RPGCharacter" */ = {
			isa = XCConfigurationList;
			buildConfigurations = (
				0FD0E8E92C2B37C9008F566D /* Debug */,
				0FD0E8EA2C2B37C9008F566D /* Release */,
			);
			defaultConfigurationIsVisible = 0;
			defaultConfigurationName = Release;
		};
/* End XCConfigurationList section */
	};
	rootObject = 0FD0E8D12C2B37C7008F566D /* Project object */;
}
